// !$*UTF8*$!
{
	archiveVersion = 1;
	classes = {
	};
	objectVersion = 56;
	objects = {

/* Begin PBXBuildFile section */
		111111111111111111111101 /* HappApp.swift in Sources */ = {isa = PBXBuildFile; fileRef = 111111111111111111111001 /* HappApp.swift */; };
		111111111111111111111102 /* Alarm.swift in Sources */ = {isa = PBXBuildFile; fileRef = 111111111111111111111002 /* Alarm.swift */; };
		111111111111111111111103 /* AppTheme.swift in Sources */ = {isa = PBXBuildFile; fileRef = 111111111111111111111003 /* AppTheme.swift */; };
		111111111111111111111104 /* AlarmStore.swift in Sources */ = {isa = PBXBuildFile; fileRef = 111111111111111111111004 /* AlarmStore.swift */; };
		111111111111111111111105 /* NotificationScheduler.swift in Sources */ = {isa = PBXBuildFile; fileRef = 111111111111111111111005 /* NotificationScheduler.swift */; };
		111111111111111111111106 /* DateFormatters.swift in Sources */ = {isa = PBXBuildFile; fileRef = 111111111111111111111006 /* DateFormatters.swift */; };
		111111111111111111111107 /* ContentView.swift in Sources */ = {isa = PBXBuildFile; fileRef = 111111111111111111111007 /* ContentView.swift */; };
		111111111111111111111108 /* AlarmRow.swift in Sources */ = {isa = PBXBuildFile; fileRef = 111111111111111111111008 /* AlarmRow.swift */; };
		111111111111111111111109 /* AlarmEditorView.swift in Sources */ = {isa = PBXBuildFile; fileRef = 111111111111111111111009 /* AlarmEditorView.swift */; };
		11111111111111111111110A /* AnimatedClockCard.swift in Sources */ = {isa = PBXBuildFile; fileRef = 11111111111111111111100A /* AnimatedClockCard.swift */; };
		11111111111111111111110B /* GlassBackground.swift in Sources */ = {isa = PBXBuildFile; fileRef = 11111111111111111111100B /* GlassBackground.swift */; };
		11111111111111111111110C /* Assets.xcassets in Resources */ = {isa = PBXBuildFile; fileRef = 11111111111111111111100C /* Assets.xcassets */; };
		11111111111111111111110E /* pulse.wav in Resources */ = {isa = PBXBuildFile; fileRef = 11111111111111111111100E /* pulse.wav */; };
		11111111111111111111110F /* sunrise.wav in Resources */ = {isa = PBXBuildFile; fileRef = 11111111111111111111100F /* sunrise.wav */; };
		111111111111111111111110 /* pup.wav in Resources */ = {isa = PBXBuildFile; fileRef = 111111111111111111111010 /* pup.wav */; };
		111111111111111111111111 /* HapticsService.swift in Sources */ = {isa = PBXBuildFile; fileRef = 111111111111111111111012 /* HapticsService.swift */; };
		111111111111111111111112 /* SettingsView.swift in Sources */ = {isa = PBXBuildFile; fileRef = 111111111111111111111013 /* SettingsView.swift */; };
/* End PBXBuildFile section */

/* Begin PBXFileReference section */
		111111111111111111111001 /* HappApp.swift */ = {isa = PBXFileReference; lastKnownFileType = sourcecode.swift; path = HappApp.swift; sourceTree = "<group>"; };
		111111111111111111111002 /* Alarm.swift */ = {isa = PBXFileReference; lastKnownFileType = sourcecode.swift; path = Alarm.swift; sourceTree = "<group>"; };
		111111111111111111111003 /* AppTheme.swift */ = {isa = PBXFileReference; lastKnownFileType = sourcecode.swift; path = AppTheme.swift; sourceTree = "<group>"; };
		111111111111111111111004 /* AlarmStore.swift */ = {isa = PBXFileReference; lastKnownFileType = sourcecode.swift; path = AlarmStore.swift; sourceTree = "<group>"; };
		111111111111111111111005 /* NotificationScheduler.swift */ = {isa = PBXFileReference; lastKnownFileType = sourcecode.swift; path = NotificationScheduler.swift; sourceTree = "<group>"; };
		111111111111111111111006 /* DateFormatters.swift */ = {isa = PBXFileReference; lastKnownFileType = sourcecode.swift; path = DateFormatters.swift; sourceTree = "<group>"; };
		111111111111111111111007 /* ContentView.swift */ = {isa = PBXFileReference; lastKnownFileType = sourcecode.swift; path = ContentView.swift; sourceTree = "<group>"; };
		111111111111111111111008 /* AlarmRow.swift */ = {isa = PBXFileReference; lastKnownFileType = sourcecode.swift; path = AlarmRow.swift; sourceTree = "<group>"; };
		111111111111111111111009 /* AlarmEditorView.swift */ = {isa = PBXFileReference; lastKnownFileType = sourcecode.swift; path = AlarmEditorView.swift; sourceTree = "<group>"; };
		11111111111111111111100A /* AnimatedClockCard.swift */ = {isa = PBXFileReference; lastKnownFileType = sourcecode.swift; path = AnimatedClockCard.swift; sourceTree = "<group>"; };
		11111111111111111111100B /* GlassBackground.swift */ = {isa = PBXFileReference; lastKnownFileType = sourcecode.swift; path = GlassBackground.swift; sourceTree = "<group>"; };
		11111111111111111111100C /* Assets.xcassets */ = {isa = PBXFileReference; lastKnownFileType = folder.assetcatalog; path = Assets.xcassets; sourceTree = "<group>"; };
		11111111111111111111100E /* pulse.wav */ = {isa = PBXFileReference; lastKnownFileType = audio.wav; path = pulse.wav; sourceTree = "<group>"; };
		11111111111111111111100F /* sunrise.wav */ = {isa = PBXFileReference; lastKnownFileType = audio.wav; path = sunrise.wav; sourceTree = "<group>"; };
		111111111111111111111010 /* pup.wav */ = {isa = PBXFileReference; lastKnownFileType = audio.wav; path = pup.wav; sourceTree = "<group>"; };
		111111111111111111111011 /* Happ.app */ = {isa = PBXFileReference; explicitFileType = wrapper.application; includeInIndex = 0; path = Happ.app; sourceTree = BUILT_PRODUCTS_DIR; };
		111111111111111111111012 /* HapticsService.swift */ = {isa = PBXFileReference; lastKnownFileType = sourcecode.swift; path = HapticsService.swift; sourceTree = "<group>"; };
		111111111111111111111013 /* SettingsView.swift */ = {isa = PBXFileReference; lastKnownFileType = sourcecode.swift; path = SettingsView.swift; sourceTree = "<group>"; };
/* End PBXFileReference section */

/* Begin PBXFrameworksBuildPhase section */
		111111111111111111111201 /* Frameworks */ = {
			isa = PBXFrameworksBuildPhase;
			buildActionMask = 2147483647;
			files = (
			);
			runOnlyForDeploymentPostprocessing = 0;
		};
/* End PBXFrameworksBuildPhase section */

/* Begin PBXGroup section */
		111111111111111111111301 = {
			isa = PBXGroup;
			children = (
				111111111111111111111302 /* Happ */,
				111111111111111111111303 /* Products */,
			);
			sourceTree = "<group>";
		};
		111111111111111111111302 /* Happ */ = {
			isa = PBXGroup;
			children = (
				111111111111111111111304 /* App */,
				111111111111111111111305 /* Models */,
				111111111111111111111306 /* Stores */,
				111111111111111111111307 /* Services */,
				111111111111111111111308 /* Support */,
				111111111111111111111309 /* Views */,
				11111111111111111111100C /* Assets.xcassets */,
				11111111111111111111130A /* Resources */,
			);
			path = Happ;
			sourceTree = "<group>";
		};
		111111111111111111111303 /* Products */ = {
			isa = PBXGroup;
			children = (
				111111111111111111111011 /* Happ.app */,
			);
			name = Products;
			sourceTree = "<group>";
		};
		111111111111111111111304 /* App */ = {
			isa = PBXGroup;
			children = (
				111111111111111111111001 /* HappApp.swift */,
			);
			path = App;
			sourceTree = "<group>";
		};
		111111111111111111111305 /* Models */ = {
			isa = PBXGroup;
			children = (
				111111111111111111111002 /* Alarm.swift */,
				111111111111111111111003 /* AppTheme.swift */,
			);
			path = Models;
			sourceTree = "<group>";
		};
		111111111111111111111306 /* Stores */ = {
			isa = PBXGroup;
			children = (
				111111111111111111111004 /* AlarmStore.swift */,
			);
			path = Stores;
			sourceTree = "<group>";
		};
		111111111111111111111307 /* Services */ = {
			isa = PBXGroup;
			children = (
				111111111111111111111005 /* NotificationScheduler.swift */,
				111111111111111111111012 /* HapticsService.swift */,
			);
			path = Services;
			sourceTree = "<group>";
		};
		111111111111111111111308 /* Support */ = {
			isa = PBXGroup;
			children = (
				111111111111111111111006 /* DateFormatters.swift */,
			);
			path = Support;
			sourceTree = "<group>";
		};
		111111111111111111111309 /* Views */ = {
			isa = PBXGroup;
			children = (
				111111111111111111111007 /* ContentView.swift */,
				111111111111111111111008 /* AlarmRow.swift */,
				111111111111111111111009 /* AlarmEditorView.swift */,
				11111111111111111111100A /* AnimatedClockCard.swift */,
				11111111111111111111100B /* GlassBackground.swift */,
				111111111111111111111013 /* SettingsView.swift */,
			);
			path = Views;
			sourceTree = "<group>";
		};
		11111111111111111111130A /* Resources */ = {
			isa = PBXGroup;
			children = (
				11111111111111111111100D /* pup.wav */,
				11111111111111111111100E /* pulse.wav */,
				11111111111111111111100F /* sunrise.wav */,
				111111111111111111111010 /* pup.wav */,
			);
			path = Resources;
			sourceTree = "<group>";
		};
/* End PBXGroup section */

/* Begin PBXNativeTarget section */
		111111111111111111111401 /* Happ */ = {
			isa = PBXNativeTarget;
			buildConfigurationList = 111111111111111111111701 /* Build configuration list for PBXNativeTarget "Happ" */;
			buildPhases = (
				111111111111111111111202 /* Sources */,
				111111111111111111111201 /* Frameworks */,
				111111111111111111111203 /* Resources */,
			);
			buildRules = (
			);
			dependencies = (
			);
			name = Happ;
			productName = Happ;
			productReference = 111111111111111111111011 /* Happ.app */;
			productType = "com.apple.product-type.application";
		};
/* End PBXNativeTarget section */

/* Begin PBXProject section */
		111111111111111111111501 /* Project object */ = {
			isa = PBXProject;
			attributes = {
				BuildIndependentTargetsInParallel = 1;
				LastSwiftUpdateCheck = 1530;
				LastUpgradeCheck = 1530;
				TargetAttributes = {
					111111111111111111111401 = {
						CreatedOnToolsVersion = 15.3;
					};
				};
			};
			buildConfigurationList = 111111111111111111111702 /* Build configuration list for PBXProject "Happ" */;
			compatibilityVersion = "Xcode 14.0";
			developmentRegion = en;
			hasScannedForEncodings = 0;
			knownRegions = (
				en,
				Base,
			);
			mainGroup = 111111111111111111111301;
			productRefGroup = 111111111111111111111303 /* Products */;
			projectDirPath = "";
			projectRoot = "";
			targets = (
				111111111111111111111401 /* Happ */,
			);
		};
/* End PBXProject section */

/* Begin PBXResourcesBuildPhase section */
		111111111111111111111203 /* Resources */ = {
			isa = PBXResourcesBuildPhase;
			buildActionMask = 2147483647;
			files = (
				11111111111111111111110C /* Assets.xcassets in Resources */,
				11111111111111111111110E /* pulse.wav in Resources */,
				11111111111111111111110F /* sunrise.wav in Resources */,
				111111111111111111111110 /* pup.wav in Resources */,
			);
			runOnlyForDeploymentPostprocessing = 0;
		};
/* End PBXResourcesBuildPhase section */

/* Begin PBXSourcesBuildPhase section */
		111111111111111111111202 /* Sources */ = {
			isa = PBXSourcesBuildPhase;
			buildActionMask = 2147483647;
			files = (
				111111111111111111111101 /* HappApp.swift in Sources */,
				111111111111111111111102 /* Alarm.swift in Sources */,
				111111111111111111111103 /* AppTheme.swift in Sources */,
				111111111111111111111104 /* AlarmStore.swift in Sources */,
				111111111111111111111105 /* NotificationScheduler.swift in Sources */,
				111111111111111111111106 /* DateFormatters.swift in Sources */,
				111111111111111111111107 /* ContentView.swift in Sources */,
				111111111111111111111108 /* AlarmRow.swift in Sources */,
				111111111111111111111109 /* AlarmEditorView.swift in Sources */,
				11111111111111111111110A /* AnimatedClockCard.swift in Sources */,
				11111111111111111111110B /* GlassBackground.swift in Sources */,
				111111111111111111111111 /* HapticsService.swift in Sources */,
				111111111111111111111112 /* SettingsView.swift in Sources */,
			);
			runOnlyForDeploymentPostprocessing = 0;
		};
/* End PBXSourcesBuildPhase section */

/* Begin XCBuildConfiguration section */
		111111111111111111111601 /* Debug */ = {
			isa = XCBuildConfiguration;
			buildSettings = {
				ALWAYS_SEARCH_USER_PATHS = NO;
				CLANG_ANALYZER_NONNULL = YES;
				CLANG_ANALYZER_NUMBER_OBJECT_CONVERSION = YES_AGGRESSIVE;
				CLANG_CXX_LANGUAGE_STANDARD = "gnu++20";
				CLANG_ENABLE_MODULES = YES;
				CLANG_ENABLE_OBJC_ARC = YES;
				CLANG_ENABLE_OBJC_WEAK = YES;
				CLANG_WARN_BLOCK_CAPTURE_AUTORELEASING = YES;
				CLANG_WARN_BOOL_CONVERSION = YES;
				CLANG_WARN_COMMA = YES;
				CLANG_WARN_CONSTANT_CONVERSION = YES;
				CLANG_WARN_DEPRECATED_OBJC_IMPLEMENTATIONS = YES;
				CLANG_WARN_DIRECT_OBJC_ISA_USAGE = YES_ERROR;
				CLANG_WARN_DOCUMENTATION_COMMENTS = YES;
				CLANG_WARN_EMPTY_BODY = YES;
				CLANG_WARN_ENUM_CONVERSION = YES;
				CLANG_WARN_INFINITE_RECURSION = YES;
				CLANG_WARN_INT_CONVERSION = YES;
				CLANG_WARN_NON_LITERAL_NULL_CONVERSION = YES;
				CLANG_WARN_OBJC_IMPLICIT_RETAIN_SELF = YES;
				CLANG_WARN_OBJC_LITERAL_CONVERSION = YES;
				CLANG_WARN_OBJC_ROOT_CLASS = YES_ERROR;
				CLANG_WARN_QUOTED_INCLUDE_IN_FRAMEWORK_HEADER = YES;
				CLANG_WARN_RANGE_LOOP_ANALYSIS = YES;
				CLANG_WARN_STRICT_PROTOTYPES = YES;
				CLANG_WARN_SUSPICIOUS_MOVE = YES;
				COPY_PHASE_STRIP = NO;
				DEBUG_INFORMATION_FORMAT = dwarf;
				ENABLE_STRICT_OBJC_MSGSEND = YES;
				ENABLE_TESTABILITY = YES;
				ENABLE_USER_SCRIPT_SANDBOXING = YES;
				GCC_C_LANGUAGE_STANDARD = gnu17;
				GCC_DYNAMIC_NO_PIC = NO;
				GCC_NO_COMMON_BLOCKS = YES;
				GCC_OPTIMIZATION_LEVEL = 0;
				GCC_PREPROCESSOR_DEFINITIONS = (
					"DEBUG=1",
					"$(inherited)",
				);
				GCC_WARN_64_TO_32_BIT_CONVERSION = YES;
				GCC_WARN_ABOUT_RETURN_TYPE = YES_ERROR;
				GCC_WARN_UNDECLARED_SELECTOR = YES;
				GCC_WARN_UNINITIALIZED_AUTOS = YES_AGGRESSIVE;
				GCC_WARN_UNUSED_FUNCTION = YES;
				GCC_WARN_UNUSED_VARIABLE = YES;
				IPHONEOS_DEPLOYMENT_TARGET = 17.0;
				MTL_ENABLE_DEBUG_INFO = INCLUDE_SOURCE;
				MTL_FAST_MATH = YES;
				ONLY_ACTIVE_ARCH = YES;
				SDKROOT = iphoneos;
				SWIFT_ACTIVE_COMPILATION_CONDITIONS = "DEBUG $(inherited)";
				SWIFT_OPTIMIZATION_LEVEL = "-Onone";
			};
			name = Debug;
		};
		111111111111111111111602 /* Release */ = {
			isa = XCBuildConfiguration;
			buildSettings = {
				ALWAYS_SEARCH_USER_PATHS = NO;
				CLANG_ANALYZER_NONNULL = YES;
				CLANG_ANALYZER_NUMBER_OBJECT_CONVERSION = YES_AGGRESSIVE;
				CLANG_CXX_LANGUAGE_STANDARD = "gnu++20";
				CLANG_ENABLE_MODULES = YES;
				CLANG_ENABLE_OBJC_ARC = YES;
				CLANG_ENABLE_OBJC_WEAK = YES;
				CLANG_WARN_BLOCK_CAPTURE_AUTORELEASING = YES;
				CLANG_WARN_BOOL_CONVERSION = YES;
				CLANG_WARN_COMMA = YES;
				CLANG_WARN_CONSTANT_CONVERSION = YES;
				CLANG_WARN_DEPRECATED_OBJC_IMPLEMENTATIONS = YES;
				CLANG_WARN_DIRECT_OBJC_ISA_USAGE = YES_ERROR;
				CLANG_WARN_DOCUMENTATION_COMMENTS = YES;
				CLANG_WARN_EMPTY_BODY = YES;
				CLANG_WARN_ENUM_CONVERSION = YES;
				CLANG_WARN_INFINITE_RECURSION = YES;
				CLANG_WARN_INT_CONVERSION = YES;
				CLANG_WARN_NON_LITERAL_NULL_CONVERSION = YES;
				CLANG_WARN_OBJC_IMPLICIT_RETAIN_SELF = YES;
				CLANG_WARN_OBJC_LITERAL_CONVERSION = YES;
				CLANG_WARN_OBJC_ROOT_CLASS = YES_ERROR;
				CLANG_WARN_QUOTED_INCLUDE_IN_FRAMEWORK_HEADER = YES;
				CLANG_WARN_RANGE_LOOP_ANALYSIS = YES;
				CLANG_WARN_STRICT_PROTOTYPES = YES;
				CLANG_WARN_SUSPICIOUS_MOVE = YES;
				COPY_PHASE_STRIP = NO;
				DEBUG_INFORMATION_FORMAT = "dwarf-with-dsym";
				ENABLE_NS_ASSERTIONS = NO;
				ENABLE_STRICT_OBJC_MSGSEND = YES;
				ENABLE_USER_SCRIPT_SANDBOXING = YES;
				GCC_C_LANGUAGE_STANDARD = gnu17;
				GCC_NO_COMMON_BLOCKS = YES;
				GCC_WARN_64_TO_32_BIT_CONVERSION = YES;
				GCC_WARN_ABOUT_RETURN_TYPE = YES_ERROR;
				GCC_WARN_UNDECLARED_SELECTOR = YES;
				GCC_WARN_UNINITIALIZED_AUTOS = YES_AGGRESSIVE;
				GCC_WARN_UNUSED_FUNCTION = YES;
				GCC_WARN_UNUSED_VARIABLE = YES;
				IPHONEOS_DEPLOYMENT_TARGET = 17.0;
				MTL_ENABLE_DEBUG_INFO = NO;
				MTL_FAST_MATH = YES;
				SDKROOT = iphoneos;
				SWIFT_COMPILATION_MODE = wholemodule;
				VALIDATE_PRODUCT = YES;
			};
			name = Release;
		};
		111111111111111111111603 /* Debug */ = {
			isa = XCBuildConfiguration;
			buildSettings = {
				ASSETCATALOG_COMPILER_ACCENT_COLOR_NAME = AccentColor;
				ASSETCATALOG_COMPILER_APPICON_NAME = AppIcon;
				CODE_SIGN_STYLE = Automatic;
				CURRENT_PROJECT_VERSION = 2;
				DEVELOPMENT_ASSET_PATHS = "";
				DEVELOPMENT_TEAM = "";
				ENABLE_PREVIEWS = YES;
				GENERATE_INFOPLIST_FILE = YES;
				INFOPLIST_KEY_CFBundleDisplayName = "Block Blast";
				INFOPLIST_KEY_LSApplicationCategoryType = "public.app-category.utilities";
				INFOPLIST_KEY_UIApplicationSceneManifest_Generation = YES;
				INFOPLIST_KEY_UIApplicationSupportsIndirectInputEvents = YES;
				INFOPLIST_KEY_UILaunchScreen_Generation = YES;
				INFOPLIST_KEY_UISupportedInterfaceOrientations_iPhone = "UIInterfaceOrientationPortrait UIInterfaceOrientationLandscapeLeft UIInterfaceOrientationLandscapeRight";
				IPHONEOS_DEPLOYMENT_TARGET = 17.0;
				LD_RUNPATH_SEARCH_PATHS = (
					"$(inherited)",
					"@executable_path/Frameworks",
				);
				MARKETING_VERSION = 1.1;
				PRODUCT_BUNDLE_IDENTIFIER = com.codex.glassalarm;
				PRODUCT_NAME = "$(TARGET_NAME)";
				SWIFT_EMIT_LOC_STRINGS = YES;
				SWIFT_VERSION = 5.0;
				TARGETED_DEVICE_FAMILY = "1,2";
			};
			name = Debug;
		};
		111111111111111111111604 /* Release */ = {
			isa = XCBuildConfiguration;
			buildSettings = {
				ASSETCATALOG_COMPILER_ACCENT_COLOR_NAME = AccentColor;
				ASSETCATALOG_COMPILER_APPICON_NAME = AppIcon;
				CODE_SIGN_STYLE = Automatic;
				CURRENT_PROJECT_VERSION = 2;
				DEVELOPMENT_ASSET_PATHS = "";
				DEVELOPMENT_TEAM = "";
				ENABLE_PREVIEWS = YES;
				GENERATE_INFOPLIST_FILE = YES;
				INFOPLIST_KEY_CFBundleDisplayName = "Block Blast";
				INFOPLIST_KEY_LSApplicationCategoryType = "public.app-category.utilities";
				INFOPLIST_KEY_UIApplicationSceneManifest_Generation = YES;
				INFOPLIST_KEY_UIApplicationSupportsIndirectInputEvents = YES;
				INFOPLIST_KEY_UILaunchScreen_Generation = YES;
				INFOPLIST_KEY_UISupportedInterfaceOrientations_iPhone = "UIInterfaceOrientationPortrait UIInterfaceOrientationLandscapeLeft UIInterfaceOrientationLandscapeRight";
				IPHONEOS_DEPLOYMENT_TARGET = 17.0;
				LD_RUNPATH_SEARCH_PATHS = (
					"$(inherited)",
					"@executable_path/Frameworks",
				);
				MARKETING_VERSION = 1.1;
				PRODUCT_BUNDLE_IDENTIFIER = com.codex.glassalarm;
				PRODUCT_NAME = "$(TARGET_NAME)";
				SWIFT_EMIT_LOC_STRINGS = YES;
				SWIFT_VERSION = 5.0;
				TARGETED_DEVICE_FAMILY = "1,2";
			};
			name = Release;
		};
/* End XCBuildConfiguration section */

/* Begin XCConfigurationList section */
		111111111111111111111701 /* Build configuration list for PBXNativeTarget "Happ" */ = {
			isa = XCConfigurationList;
			buildConfigurations = (
				111111111111111111111603 /* Debug */,
				111111111111111111111604 /* Release */,
			);
			defaultConfigurationIsVisible = 0;
			defaultConfigurationName = Release;
		};
		111111111111111111111702 /* Build configuration list for PBXProject "Happ" */ = {
			isa = XCConfigurationList;
			buildConfigurations = (
				111111111111111111111601 /* Debug */,
				111111111111111111111602 /* Release */,
			);
			defaultConfigurationIsVisible = 0;
			defaultConfigurationName = Release;
		};
/* End XCConfigurationList section */
	};
	rootObject = 111111111111111111111501 /* Project object */;
}
